# THIS IS AN AUTOGENERATED FILE. DO NOT EDIT THIS FILE DIRECTLY.
# yarn lockfile v1


"@lumino/algorithm@^1.2.3":
  version "1.2.3"
  resolved "https://registry.yarnpkg.com/@lumino/algorithm/-/algorithm-1.2.3.tgz#4ab9883d7e9a5b1845372a752dcaee2a35a770c6"
  integrity sha512-XBJ/homcm7o8Y9G6MzYvf0FF7SVqUCzvkIO01G2mZhCOnkZZhZ9c4uNOcE2VjSHNxHv2WU0l7d8rdhyKhmet+A==

"@lumino/collections@^1.2.3":
  version "1.2.3"
  resolved "https://registry.yarnpkg.com/@lumino/collections/-/collections-1.2.3.tgz#8cd9578dac3a5ecba68972991fdfd2b94d3339bc"
  integrity sha512-lrSTb7kru/w8xww8qWqHHhHO3GkoQeXST2oNkOEbWNEO4wuBIHoKPSOmXpUwu58UykBUfd5hL5wbkeTzyNMONg==
  dependencies:
    "@lumino/algorithm" "^1.2.3"

"@lumino/commands@^1.9.1":
  version "1.9.1"
  resolved "https://registry.yarnpkg.com/@lumino/commands/-/commands-1.9.1.tgz#0d01ccf2b48a7d5a44f0dc272072e4f2be9efb97"
  integrity sha512-cC8GwzYQ/+Af8D/G37zrYQtv5vp8i/aSoIUAQ47DO6x21uitTedE3R02fpDT51nZx56P5i4VeJOX0+oXrbBlCA==
  dependencies:
    "@lumino/algorithm" "^1.2.3"
    "@lumino/coreutils" "^1.4.2"
    "@lumino/disposable" "^1.3.4"
    "@lumino/domutils" "^1.1.7"
    "@lumino/keyboard" "^1.1.6"
    "@lumino/signaling" "^1.3.4"

"@lumino/coreutils@^1.4.2":
  version "1.4.2"
  resolved "https://registry.yarnpkg.com/@lumino/coreutils/-/coreutils-1.4.2.tgz#44cd3d55bb692e876c792f1ecc0df3daa1de63e9"
  integrity sha512-SmQ4YDANe25rZd0bLoW7LVAHmgySjkrJmyNPnPW0GrpBt2u4/6D+EQJ8PCCMNWuJvrljBCdlmgOFsT38qYhfcw==

"@lumino/disposable@^1.3.4":
  version "1.3.4"
  resolved "https://registry.yarnpkg.com/@lumino/disposable/-/disposable-1.3.4.tgz#fc10f61aca1925b99b08810165d46c91de84ac04"
  integrity sha512-SzePyYNfR9khvjjHrieGnL2b3W7l0X7Bn2Il5VJ3R017aY5DTLr9qOBrgmCXkjmKiYPR65oLkUqPCqSTbAXb0w==
  dependencies:
    "@lumino/algorithm" "^1.2.3"
    "@lumino/signaling" "^1.3.4"

"@lumino/domutils@^1.1.7":
  version "1.1.7"
  resolved "https://registry.yarnpkg.com/@lumino/domutils/-/domutils-1.1.7.tgz#9cc16cba0c1e8f31fcb734879dec050505925b16"
  integrity sha512-NPysY8XfpCvLNvDe+z1caIUPxOLXWRPQMUAjOj/EhggRyXadan6Lm/5uO6M9S5gW/v9QUXT4+1Sxe3WXz0nRCA==

"@lumino/dragdrop@^1.4.4":
  version "1.4.4"
  resolved "https://registry.yarnpkg.com/@lumino/dragdrop/-/dragdrop-1.4.4.tgz#b69d392d58cca2702e16c06931829068add17871"
  integrity sha512-VlfmN6ZoJXNQPsfFnKsAO9R+3uh1RCxtkamz+gwpXp6v0LUnR1t9v4G2pogT+49MjnjIdVkqJ3EfKsB5obp60g==
  dependencies:
    "@lumino/coreutils" "^1.4.2"
    "@lumino/disposable" "^1.3.4"

"@lumino/keyboard@^1.1.6":
  version "1.1.6"
  resolved "https://registry.yarnpkg.com/@lumino/keyboard/-/keyboard-1.1.6.tgz#bf222369bbeacf2c7d2dfe5003d52736c5a2fc3d"
  integrity sha512-W6pqe0TXRfGOoz1ZK1PRmuGZUWpmdoJArrzwmduUf0t2r06yl56S7w76gxrB7ExTidNPPaOWydGIosPgdgZf5A==

"@lumino/messaging@^1.3.3":
  version "1.3.3"
  resolved "https://registry.yarnpkg.com/@lumino/messaging/-/messaging-1.3.3.tgz#75d3c880b11087da130554eeefa9a19572b24d22"
  integrity sha512-J+0m1aywl64I9/dr9fzE9IwC+eq90T5gUi1hCXP1MFnZh4aLUymmRV5zFw1CNh/vYlNnEu72xxEuhfCfuhiy8g==
  dependencies:
    "@lumino/algorithm" "^1.2.3"
    "@lumino/collections" "^1.2.3"

"@lumino/properties@^1.1.6":
  version "1.1.6"
  resolved "https://registry.yarnpkg.com/@lumino/properties/-/properties-1.1.6.tgz#367538d63453e99e8c94e5559748a0713d9874ac"
  integrity sha512-QnZa1IB7sr4Tawf0OKvwgZAptxDRK7DUAMJ71zijXNXH4FlxyThzOWXef51HHFsISKYa8Rn3rysOwtc62XkmXw==

"@lumino/signaling@^1.3.4":
  version "1.3.4"
  resolved "https://registry.yarnpkg.com/@lumino/signaling/-/signaling-1.3.4.tgz#878d2525531f865ecbbc71e225e5c2dac09f7d0a"
  integrity sha512-SESCQIsvmC8zSGzU+shFm9f7HgFWeQPQP/b6Mp7/VM6utjjt6FLAnju9cIAWKxVqNafc9lMbjHh5YPpSvOI/fg==
  dependencies:
    "@lumino/algorithm" "^1.2.3"

"@lumino/virtualdom@^1.4.0":
  version "1.4.0"
  resolved "https://registry.yarnpkg.com/@lumino/virtualdom/-/virtualdom-1.4.0.tgz#6083a72279d6d02ab2c3589593513f055815c18e"
  integrity sha512-BItNqb/XGTHEWg7DSktyJqnFXYPs2rNYxvOCr5We5MDVHtc7OdM3Q5nnYfCzE704By5aSGgBEkyFvguun3u1Ug==
  dependencies:
    "@lumino/algorithm" "^1.2.3"

"@lumino/widgets@^1.9.7":
  version "1.9.7"
  resolved "https://registry.yarnpkg.com/@lumino/widgets/-/widgets-1.9.7.tgz#33faf3a3b3074bb5dd24e0ffc06202d3f0148371"
  integrity sha512-Rpcahg42vpQt3soC0XDKLztJwgBeAcg92bWhovbLSmGE+FsO649LI1BzIwZHNJKbACsfncjZMCwPgNFsoYXRbA==
  dependencies:
    "@lumino/algorithm" "^1.2.3"
    "@lumino/commands" "^1.9.1"
    "@lumino/coreutils" "^1.4.2"
    "@lumino/disposable" "^1.3.4"
    "@lumino/domutils" "^1.1.7"
    "@lumino/dragdrop" "^1.4.4"
    "@lumino/keyboard" "^1.1.6"
    "@lumino/messaging" "^1.3.3"
    "@lumino/properties" "^1.1.6"
    "@lumino/signaling" "^1.3.4"
    "@lumino/virtualdom" "^1.4.0"
